
Microsoft Visual Studio Solution File, Format Version 12.00
# Visual Studio 15
VisualStudioVersion = 15.0.28307.1169
MinimumVisualStudioVersion = 10.0.40219.1
Project("{FAE04EC0-301F-11D3-BF4B-00C04F79EFBC}") = "WpfApp1", "WpfApp1\WpfApp1.csproj", "{5BEA562F-7966-4CAC-826F-3AAD6D4D2876}"
EndProject
Global
	GlobalSection(SolutionConfigurationPlatforms) = preSolution
		Debug|Any CPU = Debug|Any CPU
		Release|Any CPU = Release|Any CPU
	EndGlobalSection
	GlobalSection(ProjectConfigurationPlatforms) = postSolution
		{5BEA562F-7966-4CAC-826F-3AAD6D4D2876}.Debug|Any CPU.ActiveCfg = Debug|Any CPU
		{5BEA562F-7966-4CAC-826F-3AAD6D4D2876}.Debug|Any CPU.Build.0 = Debug|Any CPU
		{5BEA562F-7966-4CAC-826F-3AAD6D4D2876}.Release|Any CPU.ActiveCfg = Release|Any CPU
		{5BEA562F-7966-4CAC-826F-3AAD6D4D2876}.Release|Any CPU.Build.0 = Release|Any CPU
	EndGlobalSection
	GlobalSection(SolutionProperties) = preSolution
		HideSolutionNode = FALSE
	EndGlobalSection
	GlobalSection(ExtensibilityGlobals) = postSolution
		SolutionGuid = {C74136CE-787E-4820-844F-D76088B7F688}
	EndGlobalSection
EndGlobal
